
Microsoft Visual Studio Solution File, Format Version 12.00
# Visual Studio 15
VisualStudioVersion = 15.0.27729.1
MinimumVisualStudioVersion = 10.0.40219.1
Project("{FAE04EC0-301F-11D3-BF4B-00C04F79EFBC}") = "SistemaInicial", "SistemaInicial\SistemaInicial.csproj", "{7355638A-710D-4692-BB09-74DA28B5BE14}"
EndProject
Global
	GlobalSection(SolutionConfigurationPlatforms) = preSolution
		Debug|Any CPU = Debug|Any CPU
		Release|Any CPU = Release|Any CPU
	EndGlobalSection
	GlobalSection(ProjectConfigurationPlatforms) = postSolution
		{7355638A-710D-4692-BB09-74DA28B5BE14}.Debug|Any CPU.ActiveCfg = Debug|Any CPU
		{7355638A-710D-4692-BB09-74DA28B5BE14}.Debug|Any CPU.Build.0 = Debug|Any CPU
		{7355638A-710D-4692-BB09-74DA28B5BE14}.Release|Any CPU.ActiveCfg = Release|Any CPU
		{7355638A-710D-4692-BB09-74DA28B5BE14}.Release|Any CPU.Build.0 = Release|Any CPU
	EndGlobalSection
	GlobalSection(SolutionProperties) = preSolution
		HideSolutionNode = FALSE
	EndGlobalSection
	GlobalSection(ExtensibilityGlobals) = postSolution
		SolutionGuid = {5B742931-0249-4BD1-9C94-30C68559CC6D}
	EndGlobalSection
EndGlobal
